// !$*UTF8*$!
{
	archiveVersion = 1;
	classes = {
	};
	objectVersion = 56;
	objects = {

/* Begin PBXBuildFile section */
		CE0AFEE62D96EF4B0047DD16 /* MatchScreenView.swift in Sources */ = {isa = PBXBuildFile; fileRef = CE0AFEE52D96EF4B0047DD16 /* MatchScreenView.swift */; };
		CE0AFEE82D96EF720047DD16 /* MatchScreenViewModel.swift in Sources */ = {isa = PBXBuildFile; fileRef = CE0AFEE72D96EF720047DD16 /* MatchScreenViewModel.swift */; };
		CE0AFEEB2D96EF9D0047DD16 /* APIService.swift in Sources */ = {isa = PBXBuildFile; fileRef = CE0AFEEA2D96EF9D0047DD16 /* APIService.swift */; };
		CE0AFEEE2D96F0750047DD16 /* MatchResponseModel.swift in Sources */ = {isa = PBXBuildFile; fileRef = CE0AFEED2D96F0750047DD16 /* MatchResponseModel.swift */; };
		CE0AFEF02D96F42E0047DD16 /* MatchCardItem.swift in Sources */ = {isa = PBXBuildFile; fileRef = CE0AFEEF2D96F42E0047DD16 /* MatchCardItem.swift */; };
		CE0AFEF22D97126E0047DD16 /* CoreDataService.swift in Sources */ = {isa = PBXBuildFile; fileRef = CE0AFEF12D97126E0047DD16 /* CoreDataService.swift */; };
		CE0AFEF52D97132B0047DD16 /* CoreDataUtil.swift in Sources */ = {isa = PBXBuildFile; fileRef = CE0AFEF42D97132B0047DD16 /* CoreDataUtil.swift */; };
		CE0AFEF82D9713CD0047DD16 /* DeviceExtension.swift in Sources */ = {isa = PBXBuildFile; fileRef = CE0AFEF72D9713CD0047DD16 /* DeviceExtension.swift */; };
		CE0AFEFB2D9720D60047DD16 /* SDWebImageSwiftUI in Frameworks */ = {isa = PBXBuildFile; productRef = CE0AFEFA2D9720D60047DD16 /* SDWebImageSwiftUI */; };
		CE30AC582D974200008E613E /* ModelTest.xcdatamodeld in Sources */ = {isa = PBXBuildFile; fileRef = CE30AC562D974200008E613E /* ModelTest.xcdatamodeld */; };
		CE30AC5E2D97BE16008E613E /* MatchMateModel.swift in Sources */ = {isa = PBXBuildFile; fileRef = CE30AC5D2D97BE16008E613E /* MatchMateModel.swift */; };
		CE30AC602D97F95F008E613E /* NetworkUtil.swift in Sources */ = {isa = PBXBuildFile; fileRef = CE30AC5F2D97F95F008E613E /* NetworkUtil.swift */; };
		CEFF4D202D96EC9F00AA5A0A /* MatchMateAppApp.swift in Sources */ = {isa = PBXBuildFile; fileRef = CEFF4D1F2D96EC9F00AA5A0A /* MatchMateAppApp.swift */; };
		CEFF4D242D96ECA000AA5A0A /* Assets.xcassets in Resources */ = {isa = PBXBuildFile; fileRef = CEFF4D232D96ECA000AA5A0A /* Assets.xcassets */; };
		CEFF4D272D96ECA000AA5A0A /* Preview Assets.xcassets in Resources */ = {isa = PBXBuildFile; fileRef = CEFF4D262D96ECA000AA5A0A /* Preview Assets.xcassets */; };
		CEFF4D292D96ECA000AA5A0A /* Persistence.swift in Sources */ = {isa = PBXBuildFile; fileRef = CEFF4D282D96ECA000AA5A0A /* Persistence.swift */; };
		CEFF4D362D96ECA000AA5A0A /* MatchMateAppTests.swift in Sources */ = {isa = PBXBuildFile; fileRef = CEFF4D352D96ECA000AA5A0A /* MatchMateAppTests.swift */; };
		CEFF4D402D96ECA100AA5A0A /* MatchMateAppUITests.swift in Sources */ = {isa = PBXBuildFile; fileRef = CEFF4D3F2D96ECA100AA5A0A /* MatchMateAppUITests.swift */; };
		CEFF4D422D96ECA100AA5A0A /* MatchMateAppUITestsLaunchTests.swift in Sources */ = {isa = PBXBuildFile; fileRef = CEFF4D412D96ECA100AA5A0A /* MatchMateAppUITestsLaunchTests.swift */; };
/* End PBXBuildFile section */

/* Begin PBXContainerItemProxy section */
		CEFF4D322D96ECA000AA5A0A /* PBXContainerItemProxy */ = {
			isa = PBXContainerItemProxy;
			containerPortal = CEFF4D142D96EC9F00AA5A0A /* Project object */;
			proxyType = 1;
			remoteGlobalIDString = CEFF4D1B2D96EC9F00AA5A0A;
			remoteInfo = MatchMateApp;
		};
		CEFF4D3C2D96ECA000AA5A0A /* PBXContainerItemProxy */ = {
			isa = PBXContainerItemProxy;
			containerPortal = CEFF4D142D96EC9F00AA5A0A /* Project object */;
			proxyType = 1;
			remoteGlobalIDString = CEFF4D1B2D96EC9F00AA5A0A;
			remoteInfo = MatchMateApp;
		};
/* End PBXContainerItemProxy section */

/* Begin PBXFileReference section */
		CE0AFEE52D96EF4B0047DD16 /* MatchScreenView.swift */ = {isa = PBXFileReference; lastKnownFileType = sourcecode.swift; path = MatchScreenView.swift; sourceTree = "<group>"; };
		CE0AFEE72D96EF720047DD16 /* MatchScreenViewModel.swift */ = {isa = PBXFileReference; lastKnownFileType = sourcecode.swift; path = MatchScreenViewModel.swift; sourceTree = "<group>"; };
		CE0AFEEA2D96EF9D0047DD16 /* APIService.swift */ = {isa = PBXFileReference; lastKnownFileType = sourcecode.swift; path = APIService.swift; sourceTree = "<group>"; };
		CE0AFEED2D96F0750047DD16 /* MatchResponseModel.swift */ = {isa = PBXFileReference; lastKnownFileType = sourcecode.swift; path = MatchResponseModel.swift; sourceTree = "<group>"; };
		CE0AFEEF2D96F42E0047DD16 /* MatchCardItem.swift */ = {isa = PBXFileReference; lastKnownFileType = sourcecode.swift; path = MatchCardItem.swift; sourceTree = "<group>"; };
		CE0AFEF12D97126E0047DD16 /* CoreDataService.swift */ = {isa = PBXFileReference; lastKnownFileType = sourcecode.swift; path = CoreDataService.swift; sourceTree = "<group>"; };
		CE0AFEF42D97132B0047DD16 /* CoreDataUtil.swift */ = {isa = PBXFileReference; lastKnownFileType = sourcecode.swift; path = CoreDataUtil.swift; sourceTree = "<group>"; };
		CE0AFEF72D9713CD0047DD16 /* DeviceExtension.swift */ = {isa = PBXFileReference; lastKnownFileType = sourcecode.swift; path = DeviceExtension.swift; sourceTree = "<group>"; };
		CE30AC572D974200008E613E /* ModelTest.xcdatamodel */ = {isa = PBXFileReference; lastKnownFileType = wrapper.xcdatamodel; path = ModelTest.xcdatamodel; sourceTree = "<group>"; };
		CE30AC5D2D97BE16008E613E /* MatchMateModel.swift */ = {isa = PBXFileReference; lastKnownFileType = sourcecode.swift; path = MatchMateModel.swift; sourceTree = "<group>"; };
		CE30AC5F2D97F95F008E613E /* NetworkUtil.swift */ = {isa = PBXFileReference; lastKnownFileType = sourcecode.swift; path = NetworkUtil.swift; sourceTree = "<group>"; };
		CEFF4D1C2D96EC9F00AA5A0A /* MatchMateApp.app */ = {isa = PBXFileReference; explicitFileType = wrapper.application; includeInIndex = 0; path = MatchMateApp.app; sourceTree = BUILT_PRODUCTS_DIR; };
		CEFF4D1F2D96EC9F00AA5A0A /* MatchMateAppApp.swift */ = {isa = PBXFileReference; lastKnownFileType = sourcecode.swift; path = MatchMateAppApp.swift; sourceTree = "<group>"; };
		CEFF4D232D96ECA000AA5A0A /* Assets.xcassets */ = {isa = PBXFileReference; lastKnownFileType = folder.assetcatalog; path = Assets.xcassets; sourceTree = "<group>"; };
		CEFF4D262D96ECA000AA5A0A /* Preview Assets.xcassets */ = {isa = PBXFileReference; lastKnownFileType = folder.assetcatalog; path = "Preview Assets.xcassets"; sourceTree = "<group>"; };
		CEFF4D282D96ECA000AA5A0A /* Persistence.swift */ = {isa = PBXFileReference; lastKnownFileType = sourcecode.swift; path = Persistence.swift; sourceTree = "<group>"; };
		CEFF4D312D96ECA000AA5A0A /* MatchMateAppTests.xctest */ = {isa = PBXFileReference; explicitFileType = wrapper.cfbundle; includeInIndex = 0; path = MatchMateAppTests.xctest; sourceTree = BUILT_PRODUCTS_DIR; };
		CEFF4D352D96ECA000AA5A0A /* MatchMateAppTests.swift */ = {isa = PBXFileReference; lastKnownFileType = sourcecode.swift; path = MatchMateAppTests.swift; sourceTree = "<group>"; };
		CEFF4D3B2D96ECA000AA5A0A /* MatchMateAppUITests.xctest */ = {isa = PBXFileReference; explicitFileType = wrapper.cfbundle; includeInIndex = 0; path = MatchMateAppUITests.xctest; sourceTree = BUILT_PRODUCTS_DIR; };
		CEFF4D3F2D96ECA100AA5A0A /* MatchMateAppUITests.swift */ = {isa = PBXFileReference; lastKnownFileType = sourcecode.swift; path = MatchMateAppUITests.swift; sourceTree = "<group>"; };
		CEFF4D412D96ECA100AA5A0A /* MatchMateAppUITestsLaunchTests.swift */ = {isa = PBXFileReference; lastKnownFileType = sourcecode.swift; path = MatchMateAppUITestsLaunchTests.swift; sourceTree = "<group>"; };
/* End PBXFileReference section */

/* Begin PBXFrameworksBuildPhase section */
		CEFF4D192D96EC9F00AA5A0A /* Frameworks */ = {
			isa = PBXFrameworksBuildPhase;
			buildActionMask = 2147483647;
			files = (
				CE0AFEFB2D9720D60047DD16 /* SDWebImageSwiftUI in Frameworks */,
			);
			runOnlyForDeploymentPostprocessing = 0;
		};
		CEFF4D2E2D96ECA000AA5A0A /* Frameworks */ = {
			isa = PBXFrameworksBuildPhase;
			buildActionMask = 2147483647;
			files = (
			);
			runOnlyForDeploymentPostprocessing = 0;
		};
		CEFF4D382D96ECA000AA5A0A /* Frameworks */ = {
			isa = PBXFrameworksBuildPhase;
			buildActionMask = 2147483647;
			files = (
			);
			runOnlyForDeploymentPostprocessing = 0;
		};
/* End PBXFrameworksBuildPhase section */

/* Begin PBXGroup section */
		CE0AFEE42D96EF380047DD16 /* Screen */ = {
			isa = PBXGroup;
			children = (
				CE30AC632D97FAC7008E613E /* MatchScreen */,
			);
			path = Screen;
			sourceTree = "<group>";
		};
		CE0AFEE92D96EF890047DD16 /* Service */ = {
			isa = PBXGroup;
			children = (
				CE0AFEEA2D96EF9D0047DD16 /* APIService.swift */,
				CE0AFEF12D97126E0047DD16 /* CoreDataService.swift */,
			);
			path = Service;
			sourceTree = "<group>";
		};
		CE0AFEEC2D96F0660047DD16 /* Dto */ = {
			isa = PBXGroup;
			children = (
				CE0AFEED2D96F0750047DD16 /* MatchResponseModel.swift */,
				CE30AC5D2D97BE16008E613E /* MatchMateModel.swift */,
			);
			path = Dto;
			sourceTree = "<group>";
		};
		CE0AFEF32D9713150047DD16 /* Util */ = {
			isa = PBXGroup;
			children = (
				CE0AFEF42D97132B0047DD16 /* CoreDataUtil.swift */,
				CE30AC5F2D97F95F008E613E /* NetworkUtil.swift */,
			);
			path = Util;
			sourceTree = "<group>";
		};
		CE0AFEF62D9713B40047DD16 /* Extension */ = {
			isa = PBXGroup;
			children = (
				CE0AFEF72D9713CD0047DD16 /* DeviceExtension.swift */,
			);
			path = Extension;
			sourceTree = "<group>";
		};
		CE30AC612D97FAAA008E613E /* ViewModel */ = {
			isa = PBXGroup;
			children = (
				CE0AFEE72D96EF720047DD16 /* MatchScreenViewModel.swift */,
			);
			path = ViewModel;
			sourceTree = "<group>";
		};
		CE30AC622D97FABA008E613E /* View */ = {
			isa = PBXGroup;
			children = (
				CE0AFEE52D96EF4B0047DD16 /* MatchScreenView.swift */,
				CE0AFEEF2D96F42E0047DD16 /* MatchCardItem.swift */,
			);
			path = View;
			sourceTree = "<group>";
		};
		CE30AC632D97FAC7008E613E /* MatchScreen */ = {
			isa = PBXGroup;
			children = (
				CE30AC622D97FABA008E613E /* View */,
				CE30AC612D97FAAA008E613E /* ViewModel */,
			);
			path = MatchScreen;
			sourceTree = "<group>";
		};
		CE30AC642D97FB23008E613E /* CoredataSupport */ = {
			isa = PBXGroup;
			children = (
				CE30AC562D974200008E613E /* ModelTest.xcdatamodeld */,
				CEFF4D282D96ECA000AA5A0A /* Persistence.swift */,
			);
			path = CoredataSupport;
			sourceTree = "<group>";
		};
		CE30AC652D97FB63008E613E /* Asset */ = {
			isa = PBXGroup;
			children = (
				CEFF4D232D96ECA000AA5A0A /* Assets.xcassets */,
			);
			path = Asset;
			sourceTree = "<group>";
		};
		CE30AC682D98080E008E613E /* Core */ = {
			isa = PBXGroup;
			children = (
				CE0AFEF62D9713B40047DD16 /* Extension */,
				CE0AFEF32D9713150047DD16 /* Util */,
				CE0AFEEC2D96F0660047DD16 /* Dto */,
			);
			path = Core;
			sourceTree = "<group>";
		};
		CEFF4D132D96EC9F00AA5A0A = {
			isa = PBXGroup;
			children = (
				CEFF4D1E2D96EC9F00AA5A0A /* MatchMateApp */,
				CEFF4D342D96ECA000AA5A0A /* MatchMateAppTests */,
				CEFF4D3E2D96ECA100AA5A0A /* MatchMateAppUITests */,
				CEFF4D1D2D96EC9F00AA5A0A /* Products */,
			);
			sourceTree = "<group>";
		};
		CEFF4D1D2D96EC9F00AA5A0A /* Products */ = {
			isa = PBXGroup;
			children = (
				CEFF4D1C2D96EC9F00AA5A0A /* MatchMateApp.app */,
				CEFF4D312D96ECA000AA5A0A /* MatchMateAppTests.xctest */,
				CEFF4D3B2D96ECA000AA5A0A /* MatchMateAppUITests.xctest */,
			);
			name = Products;
			sourceTree = "<group>";
		};
		CEFF4D1E2D96EC9F00AA5A0A /* MatchMateApp */ = {
			isa = PBXGroup;
			children = (
				CEFF4D1F2D96EC9F00AA5A0A /* MatchMateAppApp.swift */,
				CE30AC682D98080E008E613E /* Core */,
				CE0AFEE92D96EF890047DD16 /* Service */,
				CE0AFEE42D96EF380047DD16 /* Screen */,
				CE30AC652D97FB63008E613E /* Asset */,
				CE30AC642D97FB23008E613E /* CoredataSupport */,
				CEFF4D252D96ECA000AA5A0A /* Preview Content */,
			);
			path = MatchMateApp;
			sourceTree = "<group>";
		};
		CEFF4D252D96ECA000AA5A0A /* Preview Content */ = {
			isa = PBXGroup;
			children = (
				CEFF4D262D96ECA000AA5A0A /* Preview Assets.xcassets */,
			);
			path = "Preview Content";
			sourceTree = "<group>";
		};
		CEFF4D342D96ECA000AA5A0A /* MatchMateAppTests */ = {
			isa = PBXGroup;
			children = (
				CEFF4D352D96ECA000AA5A0A /* MatchMateAppTests.swift */,
			);
			path = MatchMateAppTests;
			sourceTree = "<group>";
		};
		CEFF4D3E2D96ECA100AA5A0A /* MatchMateAppUITests */ = {
			isa = PBXGroup;
			children = (
				CEFF4D3F2D96ECA100AA5A0A /* MatchMateAppUITests.swift */,
				CEFF4D412D96ECA100AA5A0A /* MatchMateAppUITestsLaunchTests.swift */,
			);
			path = MatchMateAppUITests;
			sourceTree = "<group>";
		};
/* End PBXGroup section */

/* Begin PBXNativeTarget section */
		CEFF4D1B2D96EC9F00AA5A0A /* MatchMateApp */ = {
			isa = PBXNativeTarget;
			buildConfigurationList = CEFF4D452D96ECA100AA5A0A /* Build configuration list for PBXNativeTarget "MatchMateApp" */;
			buildPhases = (
				CEFF4D182D96EC9F00AA5A0A /* Sources */,
				CEFF4D192D96EC9F00AA5A0A /* Frameworks */,
				CEFF4D1A2D96EC9F00AA5A0A /* Resources */,
			);
			buildRules = (
			);
			dependencies = (
			);
			name = MatchMateApp;
			packageProductDependencies = (
				CE0AFEFA2D9720D60047DD16 /* SDWebImageSwiftUI */,
			);
			productName = MatchMateApp;
			productReference = CEFF4D1C2D96EC9F00AA5A0A /* MatchMateApp.app */;
			productType = "com.apple.product-type.application";
		};
		CEFF4D302D96ECA000AA5A0A /* MatchMateAppTests */ = {
			isa = PBXNativeTarget;
			buildConfigurationList = CEFF4D482D96ECA100AA5A0A /* Build configuration list for PBXNativeTarget "MatchMateAppTests" */;
			buildPhases = (
				CEFF4D2D2D96ECA000AA5A0A /* Sources */,
				CEFF4D2E2D96ECA000AA5A0A /* Frameworks */,
				CEFF4D2F2D96ECA000AA5A0A /* Resources */,
			);
			buildRules = (
			);
			dependencies = (
				CEFF4D332D96ECA000AA5A0A /* PBXTargetDependency */,
			);
			name = MatchMateAppTests;
			productName = MatchMateAppTests;
			productReference = CEFF4D312D96ECA000AA5A0A /* MatchMateAppTests.xctest */;
			productType = "com.apple.product-type.bundle.unit-test";
		};
		CEFF4D3A2D96ECA000AA5A0A /* MatchMateAppUITests */ = {
			isa = PBXNativeTarget;
			buildConfigurationList = CEFF4D4B2D96ECA100AA5A0A /* Build configuration list for PBXNativeTarget "MatchMateAppUITests" */;
			buildPhases = (
				CEFF4D372D96ECA000AA5A0A /* Sources */,
				CEFF4D382D96ECA000AA5A0A /* Frameworks */,
				CEFF4D392D96ECA000AA5A0A /* Resources */,
			);
			buildRules = (
			);
			dependencies = (
				CEFF4D3D2D96ECA000AA5A0A /* PBXTargetDependency */,
			);
			name = MatchMateAppUITests;
			productName = MatchMateAppUITests;
			productReference = CEFF4D3B2D96ECA000AA5A0A /* MatchMateAppUITests.xctest */;
			productType = "com.apple.product-type.bundle.ui-testing";
		};
/* End PBXNativeTarget section */

/* Begin PBXProject section */
		CEFF4D142D96EC9F00AA5A0A /* Project object */ = {
			isa = PBXProject;
			attributes = {
				BuildIndependentTargetsInParallel = 1;
				LastSwiftUpdateCheck = 1520;
				LastUpgradeCheck = 1520;
				TargetAttributes = {
					CEFF4D1B2D96EC9F00AA5A0A = {
						CreatedOnToolsVersion = 15.2;
					};
					CEFF4D302D96ECA000AA5A0A = {
						CreatedOnToolsVersion = 15.2;
						TestTargetID = CEFF4D1B2D96EC9F00AA5A0A;
					};
					CEFF4D3A2D96ECA000AA5A0A = {
						CreatedOnToolsVersion = 15.2;
						TestTargetID = CEFF4D1B2D96EC9F00AA5A0A;
					};
				};
			};
			buildConfigurationList = CEFF4D172D96EC9F00AA5A0A /* Build configuration list for PBXProject "MatchMateApp" */;
			compatibilityVersion = "Xcode 14.0";
			developmentRegion = en;
			hasScannedForEncodings = 0;
			knownRegions = (
				en,
				Base,
			);
			mainGroup = CEFF4D132D96EC9F00AA5A0A;
			packageReferences = (
				CE0AFEF92D9720D60047DD16 /* XCRemoteSwiftPackageReference "SDWebImageSwiftUI" */,
			);
			productRefGroup = CEFF4D1D2D96EC9F00AA5A0A /* Products */;
			projectDirPath = "";
			projectRoot = "";
			targets = (
				CEFF4D1B2D96EC9F00AA5A0A /* MatchMateApp */,
				CEFF4D302D96ECA000AA5A0A /* MatchMateAppTests */,
				CEFF4D3A2D96ECA000AA5A0A /* MatchMateAppUITests */,
			);
		};
/* End PBXProject section */

/* Begin PBXResourcesBuildPhase section */
		CEFF4D1A2D96EC9F00AA5A0A /* Resources */ = {
			isa = PBXResourcesBuildPhase;
			buildActionMask = 2147483647;
			files = (
				CEFF4D272D96ECA000AA5A0A /* Preview Assets.xcassets in Resources */,
				CEFF4D242D96ECA000AA5A0A /* Assets.xcassets in Resources */,
			);
			runOnlyForDeploymentPostprocessing = 0;
		};
		CEFF4D2F2D96ECA000AA5A0A /* Resources */ = {
			isa = PBXResourcesBuildPhase;
			buildActionMask = 2147483647;
			files = (
			);
			runOnlyForDeploymentPostprocessing = 0;
		};
		CEFF4D392D96ECA000AA5A0A /* Resources */ = {
			isa = PBXResourcesBuildPhase;
			buildActionMask = 2147483647;
			files = (
			);
			runOnlyForDeploymentPostprocessing = 0;
		};
/* End PBXResourcesBuildPhase section */

/* Begin PBXSourcesBuildPhase section */
		CEFF4D182D96EC9F00AA5A0A /* Sources */ = {
			isa = PBXSourcesBuildPhase;
			buildActionMask = 2147483647;
			files = (
				CE0AFEEE2D96F0750047DD16 /* MatchResponseModel.swift in Sources */,
				CE0AFEE82D96EF720047DD16 /* MatchScreenViewModel.swift in Sources */,
				CE0AFEF22D97126E0047DD16 /* CoreDataService.swift in Sources */,
				CE30AC582D974200008E613E /* ModelTest.xcdatamodeld in Sources */,
				CE0AFEEB2D96EF9D0047DD16 /* APIService.swift in Sources */,
				CE0AFEE62D96EF4B0047DD16 /* MatchScreenView.swift in Sources */,
				CEFF4D292D96ECA000AA5A0A /* Persistence.swift in Sources */,
				CE30AC602D97F95F008E613E /* NetworkUtil.swift in Sources */,
				CE30AC5E2D97BE16008E613E /* MatchMateModel.swift in Sources */,
				CE0AFEF02D96F42E0047DD16 /* MatchCardItem.swift in Sources */,
				CE0AFEF82D9713CD0047DD16 /* DeviceExtension.swift in Sources */,
				CEFF4D202D96EC9F00AA5A0A /* MatchMateAppApp.swift in Sources */,
				CE0AFEF52D97132B0047DD16 /* CoreDataUtil.swift in Sources */,
			);
			runOnlyForDeploymentPostprocessing = 0;
		};
		CEFF4D2D2D96ECA000AA5A0A /* Sources */ = {
			isa = PBXSourcesBuildPhase;
			buildActionMask = 2147483647;
			files = (
				CEFF4D362D96ECA000AA5A0A /* MatchMateAppTests.swift in Sources */,
			);
			runOnlyForDeploymentPostprocessing = 0;
		};
		CEFF4D372D96ECA000AA5A0A /* Sources */ = {
			isa = PBXSourcesBuildPhase;
			buildActionMask = 2147483647;
			files = (
				CEFF4D402D96ECA100AA5A0A /* MatchMateAppUITests.swift in Sources */,
				CEFF4D422D96ECA100AA5A0A /* MatchMateAppUITestsLaunchTests.swift in Sources */,
			);
			runOnlyForDeploymentPostprocessing = 0;
		};
/* End PBXSourcesBuildPhase section */

/* Begin PBXTargetDependency section */
		CEFF4D332D96ECA000AA5A0A /* PBXTargetDependency */ = {
			isa = PBXTargetDependency;
			target = CEFF4D1B2D96EC9F00AA5A0A /* MatchMateApp */;
			targetProxy = CEFF4D322D96ECA000AA5A0A /* PBXContainerItemProxy */;
		};
		CEFF4D3D2D96ECA000AA5A0A /* PBXTargetDependency */ = {
			isa = PBXTargetDependency;
			target = CEFF4D1B2D96EC9F00AA5A0A /* MatchMateApp */;
			targetProxy = CEFF4D3C2D96ECA000AA5A0A /* PBXContainerItemProxy */;
		};
/* End PBXTargetDependency section */

/* Begin XCBuildConfiguration section */
		CEFF4D432D96ECA100AA5A0A /* Debug */ = {
			isa = XCBuildConfiguration;
			buildSettings = {
				ALWAYS_SEARCH_USER_PATHS = NO;
				ASSETCATALOG_COMPILER_GENERATE_SWIFT_ASSET_SYMBOL_EXTENSIONS = YES;
				CLANG_ANALYZER_NONNULL = YES;
				CLANG_ANALYZER_NUMBER_OBJECT_CONVERSION = YES_AGGRESSIVE;
				CLANG_CXX_LANGUAGE_STANDARD = "gnu++20";
				CLANG_ENABLE_MODULES = YES;
				CLANG_ENABLE_OBJC_ARC = YES;
				CLANG_ENABLE_OBJC_WEAK = YES;
				CLANG_WARN_BLOCK_CAPTURE_AUTORELEASING = YES;
				CLANG_WARN_BOOL_CONVERSION = YES;
				CLANG_WARN_COMMA = YES;
				CLANG_WARN_CONSTANT_CONVERSION = YES;
				CLANG_WARN_DEPRECATED_OBJC_IMPLEMENTATIONS = YES;
				CLANG_WARN_DIRECT_OBJC_ISA_USAGE = YES_ERROR;
				CLANG_WARN_DOCUMENTATION_COMMENTS = YES;
				CLANG_WARN_EMPTY_BODY = YES;
				CLANG_WARN_ENUM_CONVERSION = YES;
				CLANG_WARN_INFINITE_RECURSION = YES;
				CLANG_WARN_INT_CONVERSION = YES;
				CLANG_WARN_NON_LITERAL_NULL_CONVERSION = YES;
				CLANG_WARN_OBJC_IMPLICIT_RETAIN_SELF = YES;
				CLANG_WARN_OBJC_LITERAL_CONVERSION = YES;
				CLANG_WARN_OBJC_ROOT_CLASS = YES_ERROR;
				CLANG_WARN_QUOTED_INCLUDE_IN_FRAMEWORK_HEADER = YES;
				CLANG_WARN_RANGE_LOOP_ANALYSIS = YES;
				CLANG_WARN_STRICT_PROTOTYPES = YES;
				CLANG_WARN_SUSPICIOUS_MOVE = YES;
				CLANG_WARN_UNGUARDED_AVAILABILITY = YES_AGGRESSIVE;
				CLANG_WARN_UNREACHABLE_CODE = YES;
				CLANG_WARN__DUPLICATE_METHOD_MATCH = YES;
				COPY_PHASE_STRIP = NO;
				DEBUG_INFORMATION_FORMAT = dwarf;
				ENABLE_STRICT_OBJC_MSGSEND = YES;
				ENABLE_TESTABILITY = YES;
				ENABLE_USER_SCRIPT_SANDBOXING = YES;
				GCC_C_LANGUAGE_STANDARD = gnu17;
				GCC_DYNAMIC_NO_PIC = NO;
				GCC_NO_COMMON_BLOCKS = YES;
				GCC_OPTIMIZATION_LEVEL = 0;
				GCC_PREPROCESSOR_DEFINITIONS = (
					"DEBUG=1",
					"$(inherited)",
				);
				GCC_WARN_64_TO_32_BIT_CONVERSION = YES;
				GCC_WARN_ABOUT_RETURN_TYPE = YES_ERROR;
				GCC_WARN_UNDECLARED_SELECTOR = YES;
				GCC_WARN_UNINITIALIZED_AUTOS = YES_AGGRESSIVE;
				GCC_WARN_UNUSED_FUNCTION = YES;
				GCC_WARN_UNUSED_VARIABLE = YES;
				IPHONEOS_DEPLOYMENT_TARGET = 17.2;
				LOCALIZATION_PREFERS_STRING_CATALOGS = YES;
				MTL_ENABLE_DEBUG_INFO = INCLUDE_SOURCE;
				MTL_FAST_MATH = YES;
				ONLY_ACTIVE_ARCH = YES;
				SDKROOT = iphoneos;
				SWIFT_ACTIVE_COMPILATION_CONDITIONS = "DEBUG $(inherited)";
				SWIFT_OPTIMIZATION_LEVEL = "-Onone";
			};
			name = Debug;
		};
		CEFF4D442D96ECA100AA5A0A /* Release */ = {
			isa = XCBuildConfiguration;
			buildSettings = {
				ALWAYS_SEARCH_USER_PATHS = NO;
				ASSETCATALOG_COMPILER_GENERATE_SWIFT_ASSET_SYMBOL_EXTENSIONS = YES;
				CLANG_ANALYZER_NONNULL = YES;
				CLANG_ANALYZER_NUMBER_OBJECT_CONVERSION = YES_AGGRESSIVE;
				CLANG_CXX_LANGUAGE_STANDARD = "gnu++20";
				CLANG_ENABLE_MODULES = YES;
				CLANG_ENABLE_OBJC_ARC = YES;
				CLANG_ENABLE_OBJC_WEAK = YES;
				CLANG_WARN_BLOCK_CAPTURE_AUTORELEASING = YES;
				CLANG_WARN_BOOL_CONVERSION = YES;
				CLANG_WARN_COMMA = YES;
				CLANG_WARN_CONSTANT_CONVERSION = YES;
				CLANG_WARN_DEPRECATED_OBJC_IMPLEMENTATIONS = YES;
				CLANG_WARN_DIRECT_OBJC_ISA_USAGE = YES_ERROR;
				CLANG_WARN_DOCUMENTATION_COMMENTS = YES;
				CLANG_WARN_EMPTY_BODY = YES;
				CLANG_WARN_ENUM_CONVERSION = YES;
				CLANG_WARN_INFINITE_RECURSION = YES;
				CLANG_WARN_INT_CONVERSION = YES;
				CLANG_WARN_NON_LITERAL_NULL_CONVERSION = YES;
				CLANG_WARN_OBJC_IMPLICIT_RETAIN_SELF = YES;
				CLANG_WARN_OBJC_LITERAL_CONVERSION = YES;
				CLANG_WARN_OBJC_ROOT_CLASS = YES_ERROR;
				CLANG_WARN_QUOTED_INCLUDE_IN_FRAMEWORK_HEADER = YES;
				CLANG_WARN_RANGE_LOOP_ANALYSIS = YES;
				CLANG_WARN_STRICT_PROTOTYPES = YES;
				CLANG_WARN_SUSPICIOUS_MOVE = YES;
				CLANG_WARN_UNGUARDED_AVAILABILITY = YES_AGGRESSIVE;
				CLANG_WARN_UNREACHABLE_CODE = YES;
				CLANG_WARN__DUPLICATE_METHOD_MATCH = YES;
				COPY_PHASE_STRIP = NO;
				DEBUG_INFORMATION_FORMAT = "dwarf-with-dsym";
				ENABLE_NS_ASSERTIONS = NO;
				ENABLE_STRICT_OBJC_MSGSEND = YES;
				ENABLE_USER_SCRIPT_SANDBOXING = YES;
				GCC_C_LANGUAGE_STANDARD = gnu17;
				GCC_NO_COMMON_BLOCKS = YES;
				GCC_WARN_64_TO_32_BIT_CONVERSION = YES;
				GCC_WARN_ABOUT_RETURN_TYPE = YES_ERROR;
				GCC_WARN_UNDECLARED_SELECTOR = YES;
				GCC_WARN_UNINITIALIZED_AUTOS = YES_AGGRESSIVE;
				GCC_WARN_UNUSED_FUNCTION = YES;
				GCC_WARN_UNUSED_VARIABLE = YES;
				IPHONEOS_DEPLOYMENT_TARGET = 17.2;
				LOCALIZATION_PREFERS_STRING_CATALOGS = YES;
				MTL_ENABLE_DEBUG_INFO = NO;
				MTL_FAST_MATH = YES;
				SDKROOT = iphoneos;
				SWIFT_COMPILATION_MODE = wholemodule;
				VALIDATE_PRODUCT = YES;
			};
			name = Release;
		};
		CEFF4D462D96ECA100AA5A0A /* Debug */ = {
			isa = XCBuildConfiguration;
			buildSettings = {
				ASSETCATALOG_COMPILER_APPICON_NAME = AppIcon;
				ASSETCATALOG_COMPILER_GLOBAL_ACCENT_COLOR_NAME = AccentColor;
				CODE_SIGN_STYLE = Automatic;
				CURRENT_PROJECT_VERSION = 1;
				DEVELOPMENT_ASSET_PATHS = "\"MatchMateApp/Preview Content\"";
				DEVELOPMENT_TEAM = N3S6Y5RZP9;
				ENABLE_PREVIEWS = YES;
				GENERATE_INFOPLIST_FILE = YES;
				INFOPLIST_KEY_UIApplicationSceneManifest_Generation = YES;
				INFOPLIST_KEY_UIApplicationSupportsIndirectInputEvents = YES;
				INFOPLIST_KEY_UILaunchScreen_Generation = YES;
				INFOPLIST_KEY_UISupportedInterfaceOrientations_iPad = "UIInterfaceOrientationPortrait UIInterfaceOrientationPortraitUpsideDown UIInterfaceOrientationLandscapeLeft UIInterfaceOrientationLandscapeRight";
				INFOPLIST_KEY_UISupportedInterfaceOrientations_iPhone = "UIInterfaceOrientationPortrait UIInterfaceOrientationLandscapeLeft UIInterfaceOrientationLandscapeRight";
				LD_RUNPATH_SEARCH_PATHS = (
					"$(inherited)",
					"@executable_path/Frameworks",
				);
				MARKETING_VERSION = 1.0;
				PRODUCT_BUNDLE_IDENTIFIER = demo.MatchMateApp;
				PRODUCT_NAME = "$(TARGET_NAME)";
				SWIFT_EMIT_LOC_STRINGS = YES;
				SWIFT_VERSION = 5.0;
				TARGETED_DEVICE_FAMILY = "1,2";
			};
			name = Debug;
		};
		CEFF4D472D96ECA100AA5A0A /* Release */ = {
			isa = XCBuildConfiguration;
			buildSettings = {
				ASSETCATALOG_COMPILER_APPICON_NAME = AppIcon;
				ASSETCATALOG_COMPILER_GLOBAL_ACCENT_COLOR_NAME = AccentColor;
				CODE_SIGN_STYLE = Automatic;
				CURRENT_PROJECT_VERSION = 1;
				DEVELOPMENT_ASSET_PATHS = "\"MatchMateApp/Preview Content\"";
				DEVELOPMENT_TEAM = N3S6Y5RZP9;
				ENABLE_PREVIEWS = YES;
				GENERATE_INFOPLIST_FILE = YES;
				INFOPLIST_KEY_UIApplicationSceneManifest_Generation = YES;
				INFOPLIST_KEY_UIApplicationSupportsIndirectInputEvents = YES;
				INFOPLIST_KEY_UILaunchScreen_Generation = YES;
				INFOPLIST_KEY_UISupportedInterfaceOrientations_iPad = "UIInterfaceOrientationPortrait UIInterfaceOrientationPortraitUpsideDown UIInterfaceOrientationLandscapeLeft UIInterfaceOrientationLandscapeRight";
				INFOPLIST_KEY_UISupportedInterfaceOrientations_iPhone = "UIInterfaceOrientationPortrait UIInterfaceOrientationLandscapeLeft UIInterfaceOrientationLandscapeRight";
				LD_RUNPATH_SEARCH_PATHS = (
					"$(inherited)",
					"@executable_path/Frameworks",
				);
				MARKETING_VERSION = 1.0;
				PRODUCT_BUNDLE_IDENTIFIER = demo.MatchMateApp;
				PRODUCT_NAME = "$(TARGET_NAME)";
				SWIFT_EMIT_LOC_STRINGS = YES;
				SWIFT_VERSION = 5.0;
				TARGETED_DEVICE_FAMILY = "1,2";
			};
			name = Release;
		};
		CEFF4D492D96ECA100AA5A0A /* Debug */ = {
			isa = XCBuildConfiguration;
			buildSettings = {
				ALWAYS_EMBED_SWIFT_STANDARD_LIBRARIES = YES;
				BUNDLE_LOADER = "$(TEST_HOST)";
				CODE_SIGN_STYLE = Automatic;
				CURRENT_PROJECT_VERSION = 1;
				DEVELOPMENT_TEAM = N3S6Y5RZP9;
				GENERATE_INFOPLIST_FILE = YES;
				IPHONEOS_DEPLOYMENT_TARGET = 17.2;
				MARKETING_VERSION = 1.0;
				PRODUCT_BUNDLE_IDENTIFIER = demo.MatchMateAppTests;
				PRODUCT_NAME = "$(TARGET_NAME)";
				SWIFT_EMIT_LOC_STRINGS = NO;
				SWIFT_VERSION = 5.0;
				TARGETED_DEVICE_FAMILY = "1,2";
				TEST_HOST = "$(BUILT_PRODUCTS_DIR)/MatchMateApp.app/$(BUNDLE_EXECUTABLE_FOLDER_PATH)/MatchMateApp";
			};
			name = Debug;
		};
		CEFF4D4A2D96ECA100AA5A0A /* Release */ = {
			isa = XCBuildConfiguration;
			buildSettings = {
				ALWAYS_EMBED_SWIFT_STANDARD_LIBRARIES = YES;
				BUNDLE_LOADER = "$(TEST_HOST)";
				CODE_SIGN_STYLE = Automatic;
				CURRENT_PROJECT_VERSION = 1;
				DEVELOPMENT_TEAM = N3S6Y5RZP9;
				GENERATE_INFOPLIST_FILE = YES;
				IPHONEOS_DEPLOYMENT_TARGET = 17.2;
				MARKETING_VERSION = 1.0;
				PRODUCT_BUNDLE_IDENTIFIER = demo.MatchMateAppTests;
				PRODUCT_NAME = "$(TARGET_NAME)";
				SWIFT_EMIT_LOC_STRINGS = NO;
				SWIFT_VERSION = 5.0;
				TARGETED_DEVICE_FAMILY = "1,2";
				TEST_HOST = "$(BUILT_PRODUCTS_DIR)/MatchMateApp.app/$(BUNDLE_EXECUTABLE_FOLDER_PATH)/MatchMateApp";
			};
			name = Release;
		};
		CEFF4D4C2D96ECA100AA5A0A /* Debug */ = {
			isa = XCBuildConfiguration;
			buildSettings = {
				ALWAYS_EMBED_SWIFT_STANDARD_LIBRARIES = YES;
				CODE_SIGN_STYLE = Automatic;
				CURRENT_PROJECT_VERSION = 1;
				DEVELOPMENT_TEAM = N3S6Y5RZP9;
				GENERATE_INFOPLIST_FILE = YES;
				MARKETING_VERSION = 1.0;
				PRODUCT_BUNDLE_IDENTIFIER = demo.MatchMateAppUITests;
				PRODUCT_NAME = "$(TARGET_NAME)";
				SWIFT_EMIT_LOC_STRINGS = NO;
				SWIFT_VERSION = 5.0;
				TARGETED_DEVICE_FAMILY = "1,2";
				TEST_TARGET_NAME = MatchMateApp;
			};
			name = Debug;
		};
		CEFF4D4D2D96ECA100AA5A0A /* Release */ = {
			isa = XCBuildConfiguration;
			buildSettings = {
				ALWAYS_EMBED_SWIFT_STANDARD_LIBRARIES = YES;
				CODE_SIGN_STYLE = Automatic;
				CURRENT_PROJECT_VERSION = 1;
				DEVELOPMENT_TEAM = N3S6Y5RZP9;
				GENERATE_INFOPLIST_FILE = YES;
				MARKETING_VERSION = 1.0;
				PRODUCT_BUNDLE_IDENTIFIER = demo.MatchMateAppUITests;
				PRODUCT_NAME = "$(TARGET_NAME)";
				SWIFT_EMIT_LOC_STRINGS = NO;
				SWIFT_VERSION = 5.0;
				TARGETED_DEVICE_FAMILY = "1,2";
				TEST_TARGET_NAME = MatchMateApp;
			};
			name = Release;
		};
/* End XCBuildConfiguration section */

/* Begin XCConfigurationList section */
		CEFF4D172D96EC9F00AA5A0A /* Build configuration list for PBXProject "MatchMateApp" */ = {
			isa = XCConfigurationList;
			buildConfigurations = (
				CEFF4D432D96ECA100AA5A0A /* Debug */,
				CEFF4D442D96ECA100AA5A0A /* Release */,
			);
			defaultConfigurationIsVisible = 0;
			defaultConfigurationName = Release;
		};
		CEFF4D452D96ECA100AA5A0A /* Build configuration list for PBXNativeTarget "MatchMateApp" */ = {
			isa = XCConfigurationList;
			buildConfigurations = (
				CEFF4D462D96ECA100AA5A0A /* Debug */,
				CEFF4D472D96ECA100AA5A0A /* Release */,
			);
			defaultConfigurationIsVisible = 0;
			defaultConfigurationName = Release;
		};
		CEFF4D482D96ECA100AA5A0A /* Build configuration list for PBXNativeTarget "MatchMateAppTests" */ = {
			isa = XCConfigurationList;
			buildConfigurations = (
				CEFF4D492D96ECA100AA5A0A /* Debug */,
				CEFF4D4A2D96ECA100AA5A0A /* Release */,
			);
			defaultConfigurationIsVisible = 0;
			defaultConfigurationName = Release;
		};
		CEFF4D4B2D96ECA100AA5A0A /* Build configuration list for PBXNativeTarget "MatchMateAppUITests" */ = {
			isa = XCConfigurationList;
			buildConfigurations = (
				CEFF4D4C2D96ECA100AA5A0A /* Debug */,
				CEFF4D4D2D96ECA100AA5A0A /* Release */,
			);
			defaultConfigurationIsVisible = 0;
			defaultConfigurationName = Release;
		};
/* End XCConfigurationList section */

/* Begin XCRemoteSwiftPackageReference section */
		CE0AFEF92D9720D60047DD16 /* XCRemoteSwiftPackageReference "SDWebImageSwiftUI" */ = {
			isa = XCRemoteSwiftPackageReference;
			repositoryURL = "https://github.com/SDWebImage/SDWebImageSwiftUI";
			requirement = {
				kind = upToNextMajorVersion;
				minimumVersion = 3.1.3;
			};
		};
/* End XCRemoteSwiftPackageReference section */

/* Begin XCSwiftPackageProductDependency section */
		CE0AFEFA2D9720D60047DD16 /* SDWebImageSwiftUI */ = {
			isa = XCSwiftPackageProductDependency;
			package = CE0AFEF92D9720D60047DD16 /* XCRemoteSwiftPackageReference "SDWebImageSwiftUI" */;
			productName = SDWebImageSwiftUI;
		};
/* End XCSwiftPackageProductDependency section */

/* Begin XCVersionGroup section */
		CE30AC562D974200008E613E /* ModelTest.xcdatamodeld */ = {
			isa = XCVersionGroup;
			children = (
				CE30AC572D974200008E613E /* ModelTest.xcdatamodel */,
			);
			currentVersion = CE30AC572D974200008E613E /* ModelTest.xcdatamodel */;
			path = ModelTest.xcdatamodeld;
			sourceTree = "<group>";
			versionGroupType = wrapper.xcdatamodel;
		};
/* End XCVersionGroup section */
	};
	rootObject = CEFF4D142D96EC9F00AA5A0A /* Project object */;
}
